{
    "name": "Planscape",
    "lockfileVersion": 2,
    "requires": true,
    "packages": {
      "": {
        "dependencies": {
          "leaflet.sync": "^0.2.4",
          "ngx-cookie-service": "^14.0.1"
        }
      },
      "node_modules/@angular/common": {
        "version": "14.2.7",
        "resolved": "https://registry.npmjs.org/@angular/common/-/common-14.2.7.tgz",
        "integrity": "sha512-vfydeB8urLzhRnZev/1Zm87k9jWlNfhSTk09yUnqvzcORfd3xOkcei0qc1xdIHCTEMyTREC+umsYHDmlEpZsVw==",
        "peer": true,
        "dependencies": {
          "tslib": "^2.3.0"
        },
        "engines": {
          "node": "^14.15.0 || >=16.10.0"
        },
        "peerDependencies": {
          "@angular/core": "14.2.7",
          "rxjs": "^6.5.3 || ^7.4.0"
        }
      },
      "node_modules/@angular/core": {
        "version": "14.2.7",
        "resolved": "https://registry.npmjs.org/@angular/core/-/core-14.2.7.tgz",
        "integrity": "sha512-9u2eeKS90YPh2b0pK5LKFSxKfLIzHnzkIKQFh6bEPGj43Fl2v8CwiVJu1CAKo1Or4qBY8zspSowM6S1kgGwfeg==",
        "peer": true,
        "dependencies": {
          "tslib": "^2.3.0"
        },
        "engines": {
          "node": "^14.15.0 || >=16.10.0"
        },
        "peerDependencies": {
          "rxjs": "^6.5.3 || ^7.4.0",
          "zone.js": "~0.11.4"
        }
      },
      "node_modules/leaflet.sync": {
        "version": "0.2.4",
        "resolved": "https://registry.npmjs.org/leaflet.sync/-/leaflet.sync-0.2.4.tgz",
        "integrity": "sha512-e59CcQNMFFZJWCAGzyFxcsVldWd0cU7G71q2Zh5a5Pbe7ua4G7CNQcKz51IALf0NzOyRF7ws6gjnndiVWkYN+w=="
      },
      "node_modules/ngx-cookie-service": {
        "version": "14.0.1",
        "resolved": "https://registry.npmjs.org/ngx-cookie-service/-/ngx-cookie-service-14.0.1.tgz",
        "integrity": "sha512-PHjpA/bpp1ZgvQ2AWdXA6oxPQgE9k0WljQ7tvUH/u0Acl6p6akzF8kWlQiWxkgR3hBs7xB3paIsTk6GKdtakMg==",
        "dependencies": {
          "tslib": "^2.0.0"
        },
        "peerDependencies": {
          "@angular/common": "^14.0.0",
          "@angular/core": "^14.0.0"
        }
      },
      "node_modules/rxjs": {
        "version": "7.5.7",
        "resolved": "https://registry.npmjs.org/rxjs/-/rxjs-7.5.7.tgz",
        "integrity": "sha512-z9MzKh/UcOqB3i20H6rtrlaE/CgjLOvheWK/9ILrbhROGTweAi1BaFsTT9FbwZi5Trr1qNRs+MXkhmR06awzQA==",
        "peer": true,
        "dependencies": {
          "tslib": "^2.1.0"
        }
      },
      "node_modules/tslib": {
        "version": "2.4.0",
        "resolved": "https://registry.npmjs.org/tslib/-/tslib-2.4.0.tgz",
        "integrity": "sha512-d6xOpEDfsi2CZVlPQzGeux8XMwLT9hssAsaPYExaQMuYskwb+x1x7J371tWlbBdWHroy99KnVB6qIkUbs5X3UQ=="
      },
      "node_modules/zone.js": {
        "version": "0.11.8",
        "resolved": "https://registry.npmjs.org/zone.js/-/zone.js-0.11.8.tgz",
        "integrity": "sha512-82bctBg2hKcEJ21humWIkXRlLBBmrc3nN7DFh5LGGhcyycO2S7FN8NmdvlcKaGFDNVL4/9kFLmwmInTavdJERA==",
        "peer": true,
        "dependencies": {
          "tslib": "^2.3.0"
        }
      }
    },
    "dependencies": {
      "@angular/common": {
        "version": "14.2.7",
        "resolved": "https://registry.npmjs.org/@angular/common/-/common-14.2.7.tgz",
        "integrity": "sha512-vfydeB8urLzhRnZev/1Zm87k9jWlNfhSTk09yUnqvzcORfd3xOkcei0qc1xdIHCTEMyTREC+umsYHDmlEpZsVw==",
        "peer": true,
        "requires": {
          "tslib": "^2.3.0"
        }
      },
      "@angular/core": {
        "version": "14.2.7",
        "resolved": "https://registry.npmjs.org/@angular/core/-/core-14.2.7.tgz",
        "integrity": "sha512-9u2eeKS90YPh2b0pK5LKFSxKfLIzHnzkIKQFh6bEPGj43Fl2v8CwiVJu1CAKo1Or4qBY8zspSowM6S1kgGwfeg==",
        "peer": true,
        "requires": {
          "tslib": "^2.3.0"
        }
      },
      "leaflet.sync": {
        "version": "0.2.4",
        "resolved": "https://registry.npmjs.org/leaflet.sync/-/leaflet.sync-0.2.4.tgz",
        "integrity": "sha512-e59CcQNMFFZJWCAGzyFxcsVldWd0cU7G71q2Zh5a5Pbe7ua4G7CNQcKz51IALf0NzOyRF7ws6gjnndiVWkYN+w=="
      },
      "ngx-cookie-service": {
        "version": "14.0.1",
        "resolved": "https://registry.npmjs.org/ngx-cookie-service/-/ngx-cookie-service-14.0.1.tgz",
        "integrity": "sha512-PHjpA/bpp1ZgvQ2AWdXA6oxPQgE9k0WljQ7tvUH/u0Acl6p6akzF8kWlQiWxkgR3hBs7xB3paIsTk6GKdtakMg==",
        "requires": {
          "tslib": "^2.0.0"
        }
      },
      "rxjs": {
        "version": "7.5.7",
        "resolved": "https://registry.npmjs.org/rxjs/-/rxjs-7.5.7.tgz",
        "integrity": "sha512-z9MzKh/UcOqB3i20H6rtrlaE/CgjLOvheWK/9ILrbhROGTweAi1BaFsTT9FbwZi5Trr1qNRs+MXkhmR06awzQA==",
        "peer": true,
        "requires": {
          "tslib": "^2.1.0"
        }
      },
      "tslib": {
        "version": "2.4.0",
        "resolved": "https://registry.npmjs.org/tslib/-/tslib-2.4.0.tgz",
        "integrity": "sha512-d6xOpEDfsi2CZVlPQzGeux8XMwLT9hssAsaPYExaQMuYskwb+x1x7J371tWlbBdWHroy99KnVB6qIkUbs5X3UQ=="
      },
      "zone.js": {
        "version": "0.11.8",
        "resolved": "https://registry.npmjs.org/zone.js/-/zone.js-0.11.8.tgz",
        "integrity": "sha512-82bctBg2hKcEJ21humWIkXRlLBBmrc3nN7DFh5LGGhcyycO2S7FN8NmdvlcKaGFDNVL4/9kFLmwmInTavdJERA==",
        "peer": true,
        "requires": {
          "tslib": "^2.3.0"
        }
      }
    }
  }